PODS:
  - Alamofire (5.0.5)
  - SDWebImage (5.13.2):
    - SDWebImage/Core (= 5.13.2)
  - SDWebImage/Core (5.13.2)

DEPENDENCIES:
  - Alamofire (~> 5.0.0)
  - SDWebImage

SPEC REPOS:
  trunk:
    - Alamofire
    - SDWebImage

SPEC CHECKSUMS:
  Alamofire: df2f8f826963b08b9a870791ad48e07a10090b2e
  SDWebImage: 72f86271a6f3139cc7e4a89220946489d4b9a866

PODFILE CHECKSUM: 6ad46de5758ce5fd27c4133c76a5106c5619569e

COCOAPODS: 1.11.2
